
Microsoft Visual Studio Solution File, Format Version 12.00
# Visual Studio 14
VisualStudioVersion = 14.0.25123.0
MinimumVisualStudioVersion = 10.0.40219.1
Project("{FAE04EC0-301F-11D3-BF4B-00C04F79EFBC}") = "Site", "Site\Site.csproj", "{4DC606FD-75ED-4E07-81DD-ACE47B08DFED}"
EndProject
Project("{FAE04EC0-301F-11D3-BF4B-00C04F79EFBC}") = "Site.Tests", "Site.Tests\Site.Tests.csproj", "{A7115AFF-D12A-4DF2-98D9-55672D926784}"
EndProject
Global
	GlobalSection(SolutionConfigurationPlatforms) = preSolution
		Debug|Any CPU = Debug|Any CPU
		Release|Any CPU = Release|Any CPU
	EndGlobalSection
	GlobalSection(ProjectConfigurationPlatforms) = postSolution
		{4DC606FD-75ED-4E07-81DD-ACE47B08DFED}.Debug|Any CPU.ActiveCfg = Debug|Any CPU
		{4DC606FD-75ED-4E07-81DD-ACE47B08DFED}.Debug|Any CPU.Build.0 = Debug|Any CPU
		{4DC606FD-75ED-4E07-81DD-ACE47B08DFED}.Release|Any CPU.ActiveCfg = Release|Any CPU
		{4DC606FD-75ED-4E07-81DD-ACE47B08DFED}.Release|Any CPU.Build.0 = Release|Any CPU
		{A7115AFF-D12A-4DF2-98D9-55672D926784}.Debug|Any CPU.ActiveCfg = Debug|Any CPU
		{A7115AFF-D12A-4DF2-98D9-55672D926784}.Debug|Any CPU.Build.0 = Debug|Any CPU
		{A7115AFF-D12A-4DF2-98D9-55672D926784}.Release|Any CPU.ActiveCfg = Release|Any CPU
		{A7115AFF-D12A-4DF2-98D9-55672D926784}.Release|Any CPU.Build.0 = Release|Any CPU
	EndGlobalSection
	GlobalSection(SolutionProperties) = preSolution
		HideSolutionNode = FALSE
	EndGlobalSection
EndGlobal
